
Microsoft Visual Studio Solution File, Format Version 12.00
# Visual Studio Version 16
VisualStudioVersion = 16.0.30011.22
MinimumVisualStudioVersion = 10.0.40219.1
Project("{9A19103F-16F7-4668-BE54-9A1E7A4F7556}") = "NNControl", "NNControl\NNControl.csproj", "{B526DF98-E050-42B3-9990-A4B69AF760DD}"
EndProject
Project("{9A19103F-16F7-4668-BE54-9A1E7A4F7556}") = "NNControl.Tests", "NNControl.Tests\NNControl.Tests.csproj", "{B718E493-B2FF-410E-8526-A264BE57E5F1}"
EndProject
Project("{2150E333-8FDC-42A3-9474-1A3956D46DE8}") = "Tests", "Tests", "{B61CA4DB-C7AB-46E7-B7FF-9285B90D2D86}"
EndProject
Project("{2150E333-8FDC-42A3-9474-1A3956D46DE8}") = "TestApps", "TestApps", "{C5E63A9A-AA3B-42C4-BB8C-CA4F4548B7F0}"
EndProject
Project("{FAE04EC0-301F-11D3-BF4B-00C04F79EFBC}") = "NNLibAdapter", "NNLibAdapter\NNLibAdapter.csproj", "{176EB73D-18AF-4F4C-BB14-317D93B5DE71}"
EndProject
Project("{FAE04EC0-301F-11D3-BF4B-00C04F79EFBC}") = "DefaultTest", "DefaultTest\DefaultTest.csproj", "{92B9BA9D-F4CA-460E-81F4-4C7ED0E387A9}"
EndProject
Project("{FAE04EC0-301F-11D3-BF4B-00C04F79EFBC}") = "LargeNet", "LargeNet\LargeNet.csproj", "{099D1067-5836-4554-B114-CD62AD37F75E}"
EndProject
Global
	GlobalSection(SolutionConfigurationPlatforms) = preSolution
		Debug|Any CPU = Debug|Any CPU
		Release|Any CPU = Release|Any CPU
	EndGlobalSection
	GlobalSection(ProjectConfigurationPlatforms) = postSolution
		{B526DF98-E050-42B3-9990-A4B69AF760DD}.Debug|Any CPU.ActiveCfg = Debug|Any CPU
		{B526DF98-E050-42B3-9990-A4B69AF760DD}.Debug|Any CPU.Build.0 = Debug|Any CPU
		{B526DF98-E050-42B3-9990-A4B69AF760DD}.Release|Any CPU.ActiveCfg = Release|Any CPU
		{B526DF98-E050-42B3-9990-A4B69AF760DD}.Release|Any CPU.Build.0 = Release|Any CPU
		{B718E493-B2FF-410E-8526-A264BE57E5F1}.Debug|Any CPU.ActiveCfg = Debug|Any CPU
		{B718E493-B2FF-410E-8526-A264BE57E5F1}.Debug|Any CPU.Build.0 = Debug|Any CPU
		{B718E493-B2FF-410E-8526-A264BE57E5F1}.Release|Any CPU.ActiveCfg = Release|Any CPU
		{B718E493-B2FF-410E-8526-A264BE57E5F1}.Release|Any CPU.Build.0 = Release|Any CPU
		{176EB73D-18AF-4F4C-BB14-317D93B5DE71}.Debug|Any CPU.ActiveCfg = Debug|Any CPU
		{176EB73D-18AF-4F4C-BB14-317D93B5DE71}.Debug|Any CPU.Build.0 = Debug|Any CPU
		{176EB73D-18AF-4F4C-BB14-317D93B5DE71}.Release|Any CPU.ActiveCfg = Release|Any CPU
		{176EB73D-18AF-4F4C-BB14-317D93B5DE71}.Release|Any CPU.Build.0 = Release|Any CPU
		{92B9BA9D-F4CA-460E-81F4-4C7ED0E387A9}.Debug|Any CPU.ActiveCfg = Debug|Any CPU
		{92B9BA9D-F4CA-460E-81F4-4C7ED0E387A9}.Debug|Any CPU.Build.0 = Debug|Any CPU
		{92B9BA9D-F4CA-460E-81F4-4C7ED0E387A9}.Release|Any CPU.ActiveCfg = Release|Any CPU
		{92B9BA9D-F4CA-460E-81F4-4C7ED0E387A9}.Release|Any CPU.Build.0 = Release|Any CPU
		{099D1067-5836-4554-B114-CD62AD37F75E}.Debug|Any CPU.ActiveCfg = Debug|Any CPU
		{099D1067-5836-4554-B114-CD62AD37F75E}.Debug|Any CPU.Build.0 = Debug|Any CPU
		{099D1067-5836-4554-B114-CD62AD37F75E}.Release|Any CPU.ActiveCfg = Release|Any CPU
		{099D1067-5836-4554-B114-CD62AD37F75E}.Release|Any CPU.Build.0 = Release|Any CPU
	EndGlobalSection
	GlobalSection(SolutionProperties) = preSolution
		HideSolutionNode = FALSE
	EndGlobalSection
	GlobalSection(NestedProjects) = preSolution
		{B718E493-B2FF-410E-8526-A264BE57E5F1} = {B61CA4DB-C7AB-46E7-B7FF-9285B90D2D86}
		{92B9BA9D-F4CA-460E-81F4-4C7ED0E387A9} = {C5E63A9A-AA3B-42C4-BB8C-CA4F4548B7F0}
		{099D1067-5836-4554-B114-CD62AD37F75E} = {C5E63A9A-AA3B-42C4-BB8C-CA4F4548B7F0}
	EndGlobalSection
	GlobalSection(ExtensibilityGlobals) = postSolution
		SolutionGuid = {5CA2FDF1-5E48-4614-83D6-64A9B5F0B55A}
	EndGlobalSection
EndGlobal
