
Microsoft Visual Studio Solution File, Format Version 12.00
# Visual Studio Version 16
VisualStudioVersion = 16.0.30907.101
MinimumVisualStudioVersion = 10.0.40219.1
Project("{9A19103F-16F7-4668-BE54-9A1E7A4F7556}") = "NNControl", "NNControl\NNControl.csproj", "{FDA2504C-F872-4002-8324-C5A02F09DED5}"
EndProject
Project("{9A19103F-16F7-4668-BE54-9A1E7A4F7556}") = "NNLibAdapter", "NNLibAdapter\NNLibAdapter.csproj", "{324C6DC8-7F7E-4356-ACEF-88062163D087}"
EndProject
Global
	GlobalSection(SolutionConfigurationPlatforms) = preSolution
		Debug|Any CPU = Debug|Any CPU
		Release|Any CPU = Release|Any CPU
	EndGlobalSection
	GlobalSection(ProjectConfigurationPlatforms) = postSolution
		{FDA2504C-F872-4002-8324-C5A02F09DED5}.Debug|Any CPU.ActiveCfg = Debug|Any CPU
		{FDA2504C-F872-4002-8324-C5A02F09DED5}.Debug|Any CPU.Build.0 = Debug|Any CPU
		{FDA2504C-F872-4002-8324-C5A02F09DED5}.Release|Any CPU.ActiveCfg = Release|Any CPU
		{FDA2504C-F872-4002-8324-C5A02F09DED5}.Release|Any CPU.Build.0 = Release|Any CPU
		{324C6DC8-7F7E-4356-ACEF-88062163D087}.Debug|Any CPU.ActiveCfg = Debug|Any CPU
		{324C6DC8-7F7E-4356-ACEF-88062163D087}.Debug|Any CPU.Build.0 = Debug|Any CPU
		{324C6DC8-7F7E-4356-ACEF-88062163D087}.Release|Any CPU.ActiveCfg = Release|Any CPU
		{324C6DC8-7F7E-4356-ACEF-88062163D087}.Release|Any CPU.Build.0 = Release|Any CPU
	EndGlobalSection
	GlobalSection(SolutionProperties) = preSolution
		HideSolutionNode = FALSE
	EndGlobalSection
	GlobalSection(ExtensibilityGlobals) = postSolution
		SolutionGuid = {41075138-4CD5-46F3-B6CF-47CA91FB12F7}
	EndGlobalSection
EndGlobal
